// !$*UTF8*$!
{
	archiveVersion = 1;
	classes = {
	};
	objectVersion = 46;
	objects = {

/* Begin PBXBuildFile section */
		683B4B671DC4E5A60083202F /* currentWeather.swift in Sources */ = {isa = PBXBuildFile; fileRef = 683B4B661DC4E5A60083202F /* currentWeather.swift */; };
		68623C5B1DC4E2D400CFD2A3 /* Constants.swift in Sources */ = {isa = PBXBuildFile; fileRef = 68623C5A1DC4E2D400CFD2A3 /* Constants.swift */; };
		68DD1A551DBEA3EE00AE1CA7 /* AppDelegate.swift in Sources */ = {isa = PBXBuildFile; fileRef = 68DD1A541DBEA3EE00AE1CA7 /* AppDelegate.swift */; };
		68DD1A571DBEA3EE00AE1CA7 /* WeatherVC.swift in Sources */ = {isa = PBXBuildFile; fileRef = 68DD1A561DBEA3EE00AE1CA7 /* WeatherVC.swift */; };
		68DD1A5A1DBEA3EE00AE1CA7 /* Main.storyboard in Resources */ = {isa = PBXBuildFile; fileRef = 68DD1A581DBEA3EE00AE1CA7 /* Main.storyboard */; };
		68DD1A5C1DBEA3EE00AE1CA7 /* Assets.xcassets in Resources */ = {isa = PBXBuildFile; fileRef = 68DD1A5B1DBEA3EE00AE1CA7 /* Assets.xcassets */; };
		68DD1A5F1DBEA3EE00AE1CA7 /* LaunchScreen.storyboard in Resources */ = {isa = PBXBuildFile; fileRef = 68DD1A5D1DBEA3EE00AE1CA7 /* LaunchScreen.storyboard */; };
		68DD1A6A1DBEA3EF00AE1CA7 /* rainydayTests.swift in Sources */ = {isa = PBXBuildFile; fileRef = 68DD1A691DBEA3EF00AE1CA7 /* rainydayTests.swift */; };
		68DD1A751DBEA3EF00AE1CA7 /* rainydayUITests.swift in Sources */ = {isa = PBXBuildFile; fileRef = 68DD1A741DBEA3EF00AE1CA7 /* rainydayUITests.swift */; };
		6A0C37590B97E520F4CE40A4 /* Pods_rainyday.framework in Frameworks */ = {isa = PBXBuildFile; fileRef = 699DCCEB9B6047FD8B163F63 /* Pods_rainyday.framework */; };
/* End PBXBuildFile section */

/* Begin PBXContainerItemProxy section */
		68DD1A661DBEA3EF00AE1CA7 /* PBXContainerItemProxy */ = {
			isa = PBXContainerItemProxy;
			containerPortal = 68DD1A491DBEA3EE00AE1CA7 /* Project object */;
			proxyType = 1;
			remoteGlobalIDString = 68DD1A501DBEA3EE00AE1CA7;
			remoteInfo = rainyday;
		};
		68DD1A711DBEA3EF00AE1CA7 /* PBXContainerItemProxy */ = {
			isa = PBXContainerItemProxy;
			containerPortal = 68DD1A491DBEA3EE00AE1CA7 /* Project object */;
			proxyType = 1;
			remoteGlobalIDString = 68DD1A501DBEA3EE00AE1CA7;
			remoteInfo = rainyday;
		};
/* End PBXContainerItemProxy section */

/* Begin PBXFileReference section */
		08D3C8F7EB33907C811CEA40 /* Pods-rainyday.debug.xcconfig */ = {isa = PBXFileReference; includeInIndex = 1; lastKnownFileType = text.xcconfig; name = "Pods-rainyday.debug.xcconfig"; path = "Pods/Target Support Files/Pods-rainyday/Pods-rainyday.debug.xcconfig"; sourceTree = "<group>"; };
		683B4B661DC4E5A60083202F /* currentWeather.swift */ = {isa = PBXFileReference; fileEncoding = 4; lastKnownFileType = sourcecode.swift; path = currentWeather.swift; sourceTree = "<group>"; };
		68623C5A1DC4E2D400CFD2A3 /* Constants.swift */ = {isa = PBXFileReference; fileEncoding = 4; lastKnownFileType = sourcecode.swift; path = Constants.swift; sourceTree = "<group>"; };
		68DD1A511DBEA3EE00AE1CA7 /* rainyday.app */ = {isa = PBXFileReference; explicitFileType = wrapper.application; includeInIndex = 0; path = rainyday.app; sourceTree = BUILT_PRODUCTS_DIR; };
		68DD1A541DBEA3EE00AE1CA7 /* AppDelegate.swift */ = {isa = PBXFileReference; lastKnownFileType = sourcecode.swift; path = AppDelegate.swift; sourceTree = "<group>"; };
		68DD1A561DBEA3EE00AE1CA7 /* WeatherVC.swift */ = {isa = PBXFileReference; lastKnownFileType = sourcecode.swift; path = WeatherVC.swift; sourceTree = "<group>"; };
		68DD1A591DBEA3EE00AE1CA7 /* Base */ = {isa = PBXFileReference; lastKnownFileType = file.storyboard; name = Base; path = Base.lproj/Main.storyboard; sourceTree = "<group>"; };
		68DD1A5B1DBEA3EE00AE1CA7 /* Assets.xcassets */ = {isa = PBXFileReference; lastKnownFileType = folder.assetcatalog; path = Assets.xcassets; sourceTree = "<group>"; };
		68DD1A5E1DBEA3EE00AE1CA7 /* Base */ = {isa = PBXFileReference; lastKnownFileType = file.storyboard; name = Base; path = Base.lproj/LaunchScreen.storyboard; sourceTree = "<group>"; };
		68DD1A601DBEA3EE00AE1CA7 /* Info.plist */ = {isa = PBXFileReference; lastKnownFileType = text.plist.xml; path = Info.plist; sourceTree = "<group>"; };
		68DD1A651DBEA3EF00AE1CA7 /* rainydayTests.xctest */ = {isa = PBXFileReference; explicitFileType = wrapper.cfbundle; includeInIndex = 0; path = rainydayTests.xctest; sourceTree = BUILT_PRODUCTS_DIR; };
		68DD1A691DBEA3EF00AE1CA7 /* rainydayTests.swift */ = {isa = PBXFileReference; lastKnownFileType = sourcecode.swift; path = rainydayTests.swift; sourceTree = "<group>"; };
		68DD1A6B1DBEA3EF00AE1CA7 /* Info.plist */ = {isa = PBXFileReference; lastKnownFileType = text.plist.xml; path = Info.plist; sourceTree = "<group>"; };
		68DD1A701DBEA3EF00AE1CA7 /* rainydayUITests.xctest */ = {isa = PBXFileReference; explicitFileType = wrapper.cfbundle; includeInIndex = 0; path = rainydayUITests.xctest; sourceTree = BUILT_PRODUCTS_DIR; };
		68DD1A741DBEA3EF00AE1CA7 /* rainydayUITests.swift */ = {isa = PBXFileReference; lastKnownFileType = sourcecode.swift; path = rainydayUITests.swift; sourceTree = "<group>"; };
		68DD1A761DBEA3EF00AE1CA7 /* Info.plist */ = {isa = PBXFileReference; lastKnownFileType = text.plist.xml; path = Info.plist; sourceTree = "<group>"; };
		699DCCEB9B6047FD8B163F63 /* Pods_rainyday.framework */ = {isa = PBXFileReference; explicitFileType = wrapper.framework; includeInIndex = 0; path = Pods_rainyday.framework; sourceTree = BUILT_PRODUCTS_DIR; };
		815A041A0053F8F1E1626528 /* Pods-rainyday.release.xcconfig */ = {isa = PBXFileReference; includeInIndex = 1; lastKnownFileType = text.xcconfig; name = "Pods-rainyday.release.xcconfig"; path = "Pods/Target Support Files/Pods-rainyday/Pods-rainyday.release.xcconfig"; sourceTree = "<group>"; };
/* End PBXFileReference section */

/* Begin PBXFrameworksBuildPhase section */
		68DD1A4E1DBEA3EE00AE1CA7 /* Frameworks */ = {
			isa = PBXFrameworksBuildPhase;
			buildActionMask = 2147483647;
			files = (
				6A0C37590B97E520F4CE40A4 /* Pods_rainyday.framework in Frameworks */,
			);
			runOnlyForDeploymentPostprocessing = 0;
		};
		68DD1A621DBEA3EE00AE1CA7 /* Frameworks */ = {
			isa = PBXFrameworksBuildPhase;
			buildActionMask = 2147483647;
			files = (
			);
			runOnlyForDeploymentPostprocessing = 0;
		};
		68DD1A6D1DBEA3EF00AE1CA7 /* Frameworks */ = {
			isa = PBXFrameworksBuildPhase;
			buildActionMask = 2147483647;
			files = (
			);
			runOnlyForDeploymentPostprocessing = 0;
		};
/* End PBXFrameworksBuildPhase section */

/* Begin PBXGroup section */
		4ABBA0CA4C0EF526DA4AF0BE /* Pods */ = {
			isa = PBXGroup;
			children = (
				08D3C8F7EB33907C811CEA40 /* Pods-rainyday.debug.xcconfig */,
				815A041A0053F8F1E1626528 /* Pods-rainyday.release.xcconfig */,
			);
			name = Pods;
			sourceTree = "<group>";
		};
		68DD1A481DBEA3EE00AE1CA7 = {
			isa = PBXGroup;
			children = (
				68DD1A531DBEA3EE00AE1CA7 /* rainyday */,
				68DD1A681DBEA3EF00AE1CA7 /* rainydayTests */,
				68DD1A731DBEA3EF00AE1CA7 /* rainydayUITests */,
				68DD1A521DBEA3EE00AE1CA7 /* Products */,
				4ABBA0CA4C0EF526DA4AF0BE /* Pods */,
				EADD64982B42463853B832E1 /* Frameworks */,
			);
			sourceTree = "<group>";
		};
		68DD1A521DBEA3EE00AE1CA7 /* Products */ = {
			isa = PBXGroup;
			children = (
				68DD1A511DBEA3EE00AE1CA7 /* rainyday.app */,
				68DD1A651DBEA3EF00AE1CA7 /* rainydayTests.xctest */,
				68DD1A701DBEA3EF00AE1CA7 /* rainydayUITests.xctest */,
			);
			name = Products;
			sourceTree = "<group>";
		};
		68DD1A531DBEA3EE00AE1CA7 /* rainyday */ = {
			isa = PBXGroup;
			children = (
				68DD1A541DBEA3EE00AE1CA7 /* AppDelegate.swift */,
				68DD1A561DBEA3EE00AE1CA7 /* WeatherVC.swift */,
				68DD1A581DBEA3EE00AE1CA7 /* Main.storyboard */,
				68DD1A5B1DBEA3EE00AE1CA7 /* Assets.xcassets */,
				68DD1A5D1DBEA3EE00AE1CA7 /* LaunchScreen.storyboard */,
				68DD1A601DBEA3EE00AE1CA7 /* Info.plist */,
				68623C5A1DC4E2D400CFD2A3 /* Constants.swift */,
				683B4B661DC4E5A60083202F /* currentWeather.swift */,
			);
			path = rainyday;
			sourceTree = "<group>";
		};
		68DD1A681DBEA3EF00AE1CA7 /* rainydayTests */ = {
			isa = PBXGroup;
			children = (
				68DD1A691DBEA3EF00AE1CA7 /* rainydayTests.swift */,
				68DD1A6B1DBEA3EF00AE1CA7 /* Info.plist */,
			);
			path = rainydayTests;
			sourceTree = "<group>";
		};
		68DD1A731DBEA3EF00AE1CA7 /* rainydayUITests */ = {
			isa = PBXGroup;
			children = (
				68DD1A741DBEA3EF00AE1CA7 /* rainydayUITests.swift */,
				68DD1A761DBEA3EF00AE1CA7 /* Info.plist */,
			);
			path = rainydayUITests;
			sourceTree = "<group>";
		};
		EADD64982B42463853B832E1 /* Frameworks */ = {
			isa = PBXGroup;
			children = (
				699DCCEB9B6047FD8B163F63 /* Pods_rainyday.framework */,
			);
			name = Frameworks;
			sourceTree = "<group>";
		};
/* End PBXGroup section */

/* Begin PBXNativeTarget section */
		68DD1A501DBEA3EE00AE1CA7 /* rainyday */ = {
			isa = PBXNativeTarget;
			buildConfigurationList = 68DD1A791DBEA3EF00AE1CA7 /* Build configuration list for PBXNativeTarget "rainyday" */;
			buildPhases = (
				8E24737A3401B05ECDEF841E /* [CP] Check Pods Manifest.lock */,
				68DD1A4D1DBEA3EE00AE1CA7 /* Sources */,
				68DD1A4E1DBEA3EE00AE1CA7 /* Frameworks */,
				68DD1A4F1DBEA3EE00AE1CA7 /* Resources */,
				B4BE18E81C001942380D2E46 /* [CP] Embed Pods Frameworks */,
				CCBEF5D69B8647CF65CEDE2F /* [CP] Copy Pods Resources */,
			);
			buildRules = (
			);
			dependencies = (
			);
			name = rainyday;
			productName = rainyday;
			productReference = 68DD1A511DBEA3EE00AE1CA7 /* rainyday.app */;
			productType = "com.apple.product-type.application";
		};
		68DD1A641DBEA3EE00AE1CA7 /* rainydayTests */ = {
			isa = PBXNativeTarget;
			buildConfigurationList = 68DD1A7C1DBEA3EF00AE1CA7 /* Build configuration list for PBXNativeTarget "rainydayTests" */;
			buildPhases = (
				68DD1A611DBEA3EE00AE1CA7 /* Sources */,
				68DD1A621DBEA3EE00AE1CA7 /* Frameworks */,
				68DD1A631DBEA3EE00AE1CA7 /* Resources */,
			);
			buildRules = (
			);
			dependencies = (
				68DD1A671DBEA3EF00AE1CA7 /* PBXTargetDependency */,
			);
			name = rainydayTests;
			productName = rainydayTests;
			productReference = 68DD1A651DBEA3EF00AE1CA7 /* rainydayTests.xctest */;
			productType = "com.apple.product-type.bundle.unit-test";
		};
		68DD1A6F1DBEA3EF00AE1CA7 /* rainydayUITests */ = {
			isa = PBXNativeTarget;
			buildConfigurationList = 68DD1A7F1DBEA3EF00AE1CA7 /* Build configuration list for PBXNativeTarget "rainydayUITests" */;
			buildPhases = (
				68DD1A6C1DBEA3EF00AE1CA7 /* Sources */,
				68DD1A6D1DBEA3EF00AE1CA7 /* Frameworks */,
				68DD1A6E1DBEA3EF00AE1CA7 /* Resources */,
			);
			buildRules = (
			);
			dependencies = (
				68DD1A721DBEA3EF00AE1CA7 /* PBXTargetDependency */,
			);
			name = rainydayUITests;
			productName = rainydayUITests;
			productReference = 68DD1A701DBEA3EF00AE1CA7 /* rainydayUITests.xctest */;
			productType = "com.apple.product-type.bundle.ui-testing";
		};
/* End PBXNativeTarget section */

/* Begin PBXProject section */
		68DD1A491DBEA3EE00AE1CA7 /* Project object */ = {
			isa = PBXProject;
			attributes = {
				LastSwiftUpdateCheck = 0800;
				LastUpgradeCheck = 0800;
				ORGANIZATIONNAME = frequen;
				TargetAttributes = {
					68DD1A501DBEA3EE00AE1CA7 = {
						CreatedOnToolsVersion = 8.0;
						DevelopmentTeam = EYBSHRM45T;
						ProvisioningStyle = Automatic;
					};
					68DD1A641DBEA3EE00AE1CA7 = {
						CreatedOnToolsVersion = 8.0;
						DevelopmentTeam = EYBSHRM45T;
						ProvisioningStyle = Automatic;
						TestTargetID = 68DD1A501DBEA3EE00AE1CA7;
					};
					68DD1A6F1DBEA3EF00AE1CA7 = {
						CreatedOnToolsVersion = 8.0;
						DevelopmentTeam = EYBSHRM45T;
						ProvisioningStyle = Automatic;
						TestTargetID = 68DD1A501DBEA3EE00AE1CA7;
					};
				};
			};
			buildConfigurationList = 68DD1A4C1DBEA3EE00AE1CA7 /* Build configuration list for PBXProject "rainyday" */;
			compatibilityVersion = "Xcode 3.2";
			developmentRegion = English;
			hasScannedForEncodings = 0;
			knownRegions = (
				en,
				Base,
			);
			mainGroup = 68DD1A481DBEA3EE00AE1CA7;
			productRefGroup = 68DD1A521DBEA3EE00AE1CA7 /* Products */;
			projectDirPath = "";
			projectRoot = "";
			targets = (
				68DD1A501DBEA3EE00AE1CA7 /* rainyday */,
				68DD1A641DBEA3EE00AE1CA7 /* rainydayTests */,
				68DD1A6F1DBEA3EF00AE1CA7 /* rainydayUITests */,
			);
		};
/* End PBXProject section */

/* Begin PBXResourcesBuildPhase section */
		68DD1A4F1DBEA3EE00AE1CA7 /* Resources */ = {
			isa = PBXResourcesBuildPhase;
			buildActionMask = 2147483647;
			files = (
				68DD1A5F1DBEA3EE00AE1CA7 /* LaunchScreen.storyboard in Resources */,
				68DD1A5C1DBEA3EE00AE1CA7 /* Assets.xcassets in Resources */,
				68DD1A5A1DBEA3EE00AE1CA7 /* Main.storyboard in Resources */,
			);
			runOnlyForDeploymentPostprocessing = 0;
		};
		68DD1A631DBEA3EE00AE1CA7 /* Resources */ = {
			isa = PBXResourcesBuildPhase;
			buildActionMask = 2147483647;
			files = (
			);
			runOnlyForDeploymentPostprocessing = 0;
		};
		68DD1A6E1DBEA3EF00AE1CA7 /* Resources */ = {
			isa = PBXResourcesBuildPhase;
			buildActionMask = 2147483647;
			files = (
			);
			runOnlyForDeploymentPostprocessing = 0;
		};
/* End PBXResourcesBuildPhase section */

/* Begin PBXShellScriptBuildPhase section */
		8E24737A3401B05ECDEF841E /* [CP] Check Pods Manifest.lock */ = {
			isa = PBXShellScriptBuildPhase;
			buildActionMask = 2147483647;
			files = (
			);
			inputPaths = (
			);
			name = "[CP] Check Pods Manifest.lock";
			outputPaths = (
			);
			runOnlyForDeploymentPostprocessing = 0;
			shellPath = /bin/sh;
			shellScript = "diff \"${PODS_ROOT}/../Podfile.lock\" \"${PODS_ROOT}/Manifest.lock\" > /dev/null\nif [ $? != 0 ] ; then\n    # print error to STDERR\n    echo \"error: The sandbox is not in sync with the Podfile.lock. Run 'pod install' or update your CocoaPods installation.\" >&2\n    exit 1\nfi\n";
			showEnvVarsInLog = 0;
		};
		B4BE18E81C001942380D2E46 /* [CP] Embed Pods Frameworks */ = {
			isa = PBXShellScriptBuildPhase;
			buildActionMask = 2147483647;
			files = (
			);
			inputPaths = (
			);
			name = "[CP] Embed Pods Frameworks";
			outputPaths = (
			);
			runOnlyForDeploymentPostprocessing = 0;
			shellPath = /bin/sh;
			shellScript = "\"${SRCROOT}/Pods/Target Support Files/Pods-rainyday/Pods-rainyday-frameworks.sh\"\n";
			showEnvVarsInLog = 0;
		};
		CCBEF5D69B8647CF65CEDE2F /* [CP] Copy Pods Resources */ = {
			isa = PBXShellScriptBuildPhase;
			buildActionMask = 2147483647;
			files = (
			);
			inputPaths = (
			);
			name = "[CP] Copy Pods Resources";
			outputPaths = (
			);
			runOnlyForDeploymentPostprocessing = 0;
			shellPath = /bin/sh;
			shellScript = "\"${SRCROOT}/Pods/Target Support Files/Pods-rainyday/Pods-rainyday-resources.sh\"\n";
			showEnvVarsInLog = 0;
		};
/* End PBXShellScriptBuildPhase section */

/* Begin PBXSourcesBuildPhase section */
		68DD1A4D1DBEA3EE00AE1CA7 /* Sources */ = {
			isa = PBXSourcesBuildPhase;
			buildActionMask = 2147483647;
			files = (
				68DD1A571DBEA3EE00AE1CA7 /* WeatherVC.swift in Sources */,
				68DD1A551DBEA3EE00AE1CA7 /* AppDelegate.swift in Sources */,
				683B4B671DC4E5A60083202F /* currentWeather.swift in Sources */,
				68623C5B1DC4E2D400CFD2A3 /* Constants.swift in Sources */,
			);
			runOnlyForDeploymentPostprocessing = 0;
		};
		68DD1A611DBEA3EE00AE1CA7 /* Sources */ = {
			isa = PBXSourcesBuildPhase;
			buildActionMask = 2147483647;
			files = (
				68DD1A6A1DBEA3EF00AE1CA7 /* rainydayTests.swift in Sources */,
			);
			runOnlyForDeploymentPostprocessing = 0;
		};
		68DD1A6C1DBEA3EF00AE1CA7 /* Sources */ = {
			isa = PBXSourcesBuildPhase;
			buildActionMask = 2147483647;
			files = (
				68DD1A751DBEA3EF00AE1CA7 /* rainydayUITests.swift in Sources */,
			);
			runOnlyForDeploymentPostprocessing = 0;
		};
/* End PBXSourcesBuildPhase section */

/* Begin PBXTargetDependency section */
		68DD1A671DBEA3EF00AE1CA7 /* PBXTargetDependency */ = {
			isa = PBXTargetDependency;
			target = 68DD1A501DBEA3EE00AE1CA7 /* rainyday */;
			targetProxy = 68DD1A661DBEA3EF00AE1CA7 /* PBXContainerItemProxy */;
		};
		68DD1A721DBEA3EF00AE1CA7 /* PBXTargetDependency */ = {
			isa = PBXTargetDependency;
			target = 68DD1A501DBEA3EE00AE1CA7 /* rainyday */;
			targetProxy = 68DD1A711DBEA3EF00AE1CA7 /* PBXContainerItemProxy */;
		};
/* End PBXTargetDependency section */

/* Begin PBXVariantGroup section */
		68DD1A581DBEA3EE00AE1CA7 /* Main.storyboard */ = {
			isa = PBXVariantGroup;
			children = (
				68DD1A591DBEA3EE00AE1CA7 /* Base */,
			);
			name = Main.storyboard;
			sourceTree = "<group>";
		};
		68DD1A5D1DBEA3EE00AE1CA7 /* LaunchScreen.storyboard */ = {
			isa = PBXVariantGroup;
			children = (
				68DD1A5E1DBEA3EE00AE1CA7 /* Base */,
			);
			name = LaunchScreen.storyboard;
			sourceTree = "<group>";
		};
/* End PBXVariantGroup section */

/* Begin XCBuildConfiguration section */
		68DD1A771DBEA3EF00AE1CA7 /* Debug */ = {
			isa = XCBuildConfiguration;
			buildSettings = {
				ALWAYS_SEARCH_USER_PATHS = NO;
				CLANG_ANALYZER_NONNULL = YES;
				CLANG_CXX_LANGUAGE_STANDARD = "gnu++0x";
				CLANG_CXX_LIBRARY = "libc++";
				CLANG_ENABLE_MODULES = YES;
				CLANG_ENABLE_OBJC_ARC = YES;
				CLANG_WARN_BOOL_CONVERSION = YES;
				CLANG_WARN_CONSTANT_CONVERSION = YES;
				CLANG_WARN_DIRECT_OBJC_ISA_USAGE = YES_ERROR;
				CLANG_WARN_DOCUMENTATION_COMMENTS = YES;
				CLANG_WARN_EMPTY_BODY = YES;
				CLANG_WARN_ENUM_CONVERSION = YES;
				CLANG_WARN_INFINITE_RECURSION = YES;
				CLANG_WARN_INT_CONVERSION = YES;
				CLANG_WARN_OBJC_ROOT_CLASS = YES_ERROR;
				CLANG_WARN_SUSPICIOUS_MOVES = YES;
				CLANG_WARN_UNREACHABLE_CODE = YES;
				CLANG_WARN__DUPLICATE_METHOD_MATCH = YES;
				"CODE_SIGN_IDENTITY[sdk=iphoneos*]" = "iPhone Developer";
				COPY_PHASE_STRIP = NO;
				DEBUG_INFORMATION_FORMAT = dwarf;
				ENABLE_STRICT_OBJC_MSGSEND = YES;
				ENABLE_TESTABILITY = YES;
				GCC_C_LANGUAGE_STANDARD = gnu99;
				GCC_DYNAMIC_NO_PIC = NO;
				GCC_NO_COMMON_BLOCKS = YES;
				GCC_OPTIMIZATION_LEVEL = 0;
				GCC_PREPROCESSOR_DEFINITIONS = (
					"DEBUG=1",
					"$(inherited)",
				);
				GCC_WARN_64_TO_32_BIT_CONVERSION = YES;
				GCC_WARN_ABOUT_RETURN_TYPE = YES_ERROR;
				GCC_WARN_UNDECLARED_SELECTOR = YES;
				GCC_WARN_UNINITIALIZED_AUTOS = YES_AGGRESSIVE;
				GCC_WARN_UNUSED_FUNCTION = YES;
				GCC_WARN_UNUSED_VARIABLE = YES;
				IPHONEOS_DEPLOYMENT_TARGET = 10.0;
				MTL_ENABLE_DEBUG_INFO = YES;
				ONLY_ACTIVE_ARCH = YES;
				SDKROOT = iphoneos;
				SWIFT_ACTIVE_COMPILATION_CONDITIONS = DEBUG;
				SWIFT_OPTIMIZATION_LEVEL = "-Onone";
				TARGETED_DEVICE_FAMILY = "1,2";
			};
			name = Debug;
		};
		68DD1A781DBEA3EF00AE1CA7 /* Release */ = {
			isa = XCBuildConfiguration;
			buildSettings = {
				ALWAYS_SEARCH_USER_PATHS = NO;
				CLANG_ANALYZER_NONNULL = YES;
				CLANG_CXX_LANGUAGE_STANDARD = "gnu++0x";
				CLANG_CXX_LIBRARY = "libc++";
				CLANG_ENABLE_MODULES = YES;
				CLANG_ENABLE_OBJC_ARC = YES;
				CLANG_WARN_BOOL_CONVERSION = YES;
				CLANG_WARN_CONSTANT_CONVERSION = YES;
				CLANG_WARN_DIRECT_OBJC_ISA_USAGE = YES_ERROR;
				CLANG_WARN_DOCUMENTATION_COMMENTS = YES;
				CLANG_WARN_EMPTY_BODY = YES;
				CLANG_WARN_ENUM_CONVERSION = YES;
				CLANG_WARN_INFINITE_RECURSION = YES;
				CLANG_WARN_INT_CONVERSION = YES;
				CLANG_WARN_OBJC_ROOT_CLASS = YES_ERROR;
				CLANG_WARN_SUSPICIOUS_MOVES = YES;
				CLANG_WARN_UNREACHABLE_CODE = YES;
				CLANG_WARN__DUPLICATE_METHOD_MATCH = YES;
				"CODE_SIGN_IDENTITY[sdk=iphoneos*]" = "iPhone Developer";
				COPY_PHASE_STRIP = NO;
				DEBUG_INFORMATION_FORMAT = "dwarf-with-dsym";
				ENABLE_NS_ASSERTIONS = NO;
				ENABLE_STRICT_OBJC_MSGSEND = YES;
				GCC_C_LANGUAGE_STANDARD = gnu99;
				GCC_NO_COMMON_BLOCKS = YES;
				GCC_WARN_64_TO_32_BIT_CONVERSION = YES;
				GCC_WARN_ABOUT_RETURN_TYPE = YES_ERROR;
				GCC_WARN_UNDECLARED_SELECTOR = YES;
				GCC_WARN_UNINITIALIZED_AUTOS = YES_AGGRESSIVE;
				GCC_WARN_UNUSED_FUNCTION = YES;
				GCC_WARN_UNUSED_VARIABLE = YES;
				IPHONEOS_DEPLOYMENT_TARGET = 10.0;
				MTL_ENABLE_DEBUG_INFO = NO;
				SDKROOT = iphoneos;
				SWIFT_OPTIMIZATION_LEVEL = "-Owholemodule";
				TARGETED_DEVICE_FAMILY = "1,2";
				VALIDATE_PRODUCT = YES;
			};
			name = Release;
		};
		68DD1A7A1DBEA3EF00AE1CA7 /* Debug */ = {
			isa = XCBuildConfiguration;
			baseConfigurationReference = 08D3C8F7EB33907C811CEA40 /* Pods-rainyday.debug.xcconfig */;
			buildSettings = {
				ASSETCATALOG_COMPILER_APPICON_NAME = AppIcon;
				DEVELOPMENT_TEAM = EYBSHRM45T;
				INFOPLIST_FILE = rainyday/Info.plist;
				LD_RUNPATH_SEARCH_PATHS = "$(inherited) @executable_path/Frameworks";
				PRODUCT_BUNDLE_IDENTIFIER = uk.co.frequen.rainyday;
				PRODUCT_NAME = "$(TARGET_NAME)";
				SWIFT_VERSION = 3.0;
				TARGETED_DEVICE_FAMILY = 1;
			};
			name = Debug;
		};
		68DD1A7B1DBEA3EF00AE1CA7 /* Release */ = {
			isa = XCBuildConfiguration;
			baseConfigurationReference = 815A041A0053F8F1E1626528 /* Pods-rainyday.release.xcconfig */;
			buildSettings = {
				ASSETCATALOG_COMPILER_APPICON_NAME = AppIcon;
				DEVELOPMENT_TEAM = EYBSHRM45T;
				INFOPLIST_FILE = rainyday/Info.plist;
				LD_RUNPATH_SEARCH_PATHS = "$(inherited) @executable_path/Frameworks";
				PRODUCT_BUNDLE_IDENTIFIER = uk.co.frequen.rainyday;
				PRODUCT_NAME = "$(TARGET_NAME)";
				SWIFT_VERSION = 3.0;
				TARGETED_DEVICE_FAMILY = 1;
			};
			name = Release;
		};
		68DD1A7D1DBEA3EF00AE1CA7 /* Debug */ = {
			isa = XCBuildConfiguration;
			buildSettings = {
				ALWAYS_EMBED_SWIFT_STANDARD_LIBRARIES = YES;
				BUNDLE_LOADER = "$(TEST_HOST)";
				DEVELOPMENT_TEAM = EYBSHRM45T;
				INFOPLIST_FILE = rainydayTests/Info.plist;
				LD_RUNPATH_SEARCH_PATHS = "$(inherited) @executable_path/Frameworks @loader_path/Frameworks";
				PRODUCT_BUNDLE_IDENTIFIER = uk.co.frequen.rainydayTests;
				PRODUCT_NAME = "$(TARGET_NAME)";
				SWIFT_VERSION = 3.0;
				TEST_HOST = "$(BUILT_PRODUCTS_DIR)/rainyday.app/rainyday";
			};
			name = Debug;
		};
		68DD1A7E1DBEA3EF00AE1CA7 /* Release */ = {
			isa = XCBuildConfiguration;
			buildSettings = {
				ALWAYS_EMBED_SWIFT_STANDARD_LIBRARIES = YES;
				BUNDLE_LOADER = "$(TEST_HOST)";
				DEVELOPMENT_TEAM = EYBSHRM45T;
				INFOPLIST_FILE = rainydayTests/Info.plist;
				LD_RUNPATH_SEARCH_PATHS = "$(inherited) @executable_path/Frameworks @loader_path/Frameworks";
				PRODUCT_BUNDLE_IDENTIFIER = uk.co.frequen.rainydayTests;
				PRODUCT_NAME = "$(TARGET_NAME)";
				SWIFT_VERSION = 3.0;
				TEST_HOST = "$(BUILT_PRODUCTS_DIR)/rainyday.app/rainyday";
			};
			name = Release;
		};
		68DD1A801DBEA3EF00AE1CA7 /* Debug */ = {
			isa = XCBuildConfiguration;
			buildSettings = {
				ALWAYS_EMBED_SWIFT_STANDARD_LIBRARIES = YES;
				DEVELOPMENT_TEAM = EYBSHRM45T;
				INFOPLIST_FILE = rainydayUITests/Info.plist;
				LD_RUNPATH_SEARCH_PATHS = "$(inherited) @executable_path/Frameworks @loader_path/Frameworks";
				PRODUCT_BUNDLE_IDENTIFIER = uk.co.frequen.rainydayUITests;
				PRODUCT_NAME = "$(TARGET_NAME)";
				SWIFT_VERSION = 3.0;
				TEST_TARGET_NAME = rainyday;
			};
			name = Debug;
		};
		68DD1A811DBEA3EF00AE1CA7 /* Release */ = {
			isa = XCBuildConfiguration;
			buildSettings = {
				ALWAYS_EMBED_SWIFT_STANDARD_LIBRARIES = YES;
				DEVELOPMENT_TEAM = EYBSHRM45T;
				INFOPLIST_FILE = rainydayUITests/Info.plist;
				LD_RUNPATH_SEARCH_PATHS = "$(inherited) @executable_path/Frameworks @loader_path/Frameworks";
				PRODUCT_BUNDLE_IDENTIFIER = uk.co.frequen.rainydayUITests;
				PRODUCT_NAME = "$(TARGET_NAME)";
				SWIFT_VERSION = 3.0;
				TEST_TARGET_NAME = rainyday;
			};
			name = Release;
		};
/* End XCBuildConfiguration section */

/* Begin XCConfigurationList section */
		68DD1A4C1DBEA3EE00AE1CA7 /* Build configuration list for PBXProject "rainyday" */ = {
			isa = XCConfigurationList;
			buildConfigurations = (
				68DD1A771DBEA3EF00AE1CA7 /* Debug */,
				68DD1A781DBEA3EF00AE1CA7 /* Release */,
			);
			defaultConfigurationIsVisible = 0;
			defaultConfigurationName = Release;
		};
		68DD1A791DBEA3EF00AE1CA7 /* Build configuration list for PBXNativeTarget "rainyday" */ = {
			isa = XCConfigurationList;
			buildConfigurations = (
				68DD1A7A1DBEA3EF00AE1CA7 /* Debug */,
				68DD1A7B1DBEA3EF00AE1CA7 /* Release */,
			);
			defaultConfigurationIsVisible = 0;
			defaultConfigurationName = Release;
		};
		68DD1A7C1DBEA3EF00AE1CA7 /* Build configuration list for PBXNativeTarget "rainydayTests" */ = {
			isa = XCConfigurationList;
			buildConfigurations = (
				68DD1A7D1DBEA3EF00AE1CA7 /* Debug */,
				68DD1A7E1DBEA3EF00AE1CA7 /* Release */,
			);
			defaultConfigurationIsVisible = 0;
			defaultConfigurationName = Release;
		};
		68DD1A7F1DBEA3EF00AE1CA7 /* Build configuration list for PBXNativeTarget "rainydayUITests" */ = {
			isa = XCConfigurationList;
			buildConfigurations = (
				68DD1A801DBEA3EF00AE1CA7 /* Debug */,
				68DD1A811DBEA3EF00AE1CA7 /* Release */,
			);
			defaultConfigurationIsVisible = 0;
			defaultConfigurationName = Release;
		};
/* End XCConfigurationList section */
	};
	rootObject = 68DD1A491DBEA3EE00AE1CA7 /* Project object */;
}
